
Microsoft Visual Studio Solution File, Format Version 12.00
# Visual Studio Version 16
VisualStudioVersion = 16.0.29411.108
MinimumVisualStudioVersion = 10.0.40219.1
Project("{FAE04EC0-301F-11D3-BF4B-00C04F79EFBC}") = "todoApp", "todoApp.csproj", "{500F1BA0-47BB-40C5-871E-71067A8019D1}"
EndProject
Project("{FAE04EC0-301F-11D3-BF4B-00C04F79EFBC}") = "todoCore", "..\todoCore\todoCore.csproj", "{C0E5494C-4887-457C-9531-2F44509F4572}"
EndProject
Project("{FAE04EC0-301F-11D3-BF4B-00C04F79EFBC}") = "todoTests", "..\todoTests\todoTests.csproj", "{480F0CB8-59D6-48D4-89B9-06703971FFA6}"
	ProjectSection(ProjectDependencies) = postProject
		{C0E5494C-4887-457C-9531-2F44509F4572} = {C0E5494C-4887-457C-9531-2F44509F4572}
	EndProjectSection
EndProject
Global
	GlobalSection(SolutionConfigurationPlatforms) = preSolution
		Debug|Any CPU = Debug|Any CPU
		Release|Any CPU = Release|Any CPU
	EndGlobalSection
	GlobalSection(ProjectConfigurationPlatforms) = postSolution
		{500F1BA0-47BB-40C5-871E-71067A8019D1}.Debug|Any CPU.ActiveCfg = Debug|Any CPU
		{500F1BA0-47BB-40C5-871E-71067A8019D1}.Debug|Any CPU.Build.0 = Debug|Any CPU
		{500F1BA0-47BB-40C5-871E-71067A8019D1}.Release|Any CPU.ActiveCfg = Release|Any CPU
		{500F1BA0-47BB-40C5-871E-71067A8019D1}.Release|Any CPU.Build.0 = Release|Any CPU
		{C0E5494C-4887-457C-9531-2F44509F4572}.Debug|Any CPU.ActiveCfg = Debug|Any CPU
		{C0E5494C-4887-457C-9531-2F44509F4572}.Debug|Any CPU.Build.0 = Debug|Any CPU
		{C0E5494C-4887-457C-9531-2F44509F4572}.Release|Any CPU.ActiveCfg = Release|Any CPU
		{C0E5494C-4887-457C-9531-2F44509F4572}.Release|Any CPU.Build.0 = Release|Any CPU
		{480F0CB8-59D6-48D4-89B9-06703971FFA6}.Debug|Any CPU.ActiveCfg = Debug|Any CPU
		{480F0CB8-59D6-48D4-89B9-06703971FFA6}.Debug|Any CPU.Build.0 = Debug|Any CPU
		{480F0CB8-59D6-48D4-89B9-06703971FFA6}.Release|Any CPU.ActiveCfg = Release|Any CPU
		{480F0CB8-59D6-48D4-89B9-06703971FFA6}.Release|Any CPU.Build.0 = Release|Any CPU
	EndGlobalSection
	GlobalSection(SolutionProperties) = preSolution
		HideSolutionNode = FALSE
	EndGlobalSection
	GlobalSection(ExtensibilityGlobals) = postSolution
		SolutionGuid = {0DB7BB8D-B0D3-4620-BE5C-229C2FB6F77A}
	EndGlobalSection
EndGlobal
